
Microsoft Visual Studio Solution File, Format Version 12.00
# Visual Studio 15
VisualStudioVersion = 15.0.28307.902
MinimumVisualStudioVersion = 10.0.40219.1
Project("{FAE04EC0-301F-11D3-BF4B-00C04F79EFBC}") = "FacebookDeskAppUI", "FacebookDeskAppUI\FacebookDeskAppUI.csproj", "{27C49228-4692-43AD-9447-D0540C52EDD9}"
EndProject
Project("{FAE04EC0-301F-11D3-BF4B-00C04F79EFBC}") = "FacebookDeskAppLogic", "FacebookDeskAppLogic\FacebookDeskAppLogic.csproj", "{19D1AE35-543C-408B-B9A0-31D5C9BBAF99}"
EndProject
Project("{2150E333-8FDC-42A3-9474-1A3956D46DE8}") = "Solution Items", "Solution Items", "{8DB57899-70EC-44B7-A2B2-62402557A9AB}"
	ProjectSection(SolutionItems) = preProject
		ReadMe.txt = ReadMe.txt
	EndProjectSection
EndProject
Global
	GlobalSection(SolutionConfigurationPlatforms) = preSolution
		Debug|Any CPU = Debug|Any CPU
		Release|Any CPU = Release|Any CPU
	EndGlobalSection
	GlobalSection(ProjectConfigurationPlatforms) = postSolution
		{27C49228-4692-43AD-9447-D0540C52EDD9}.Debug|Any CPU.ActiveCfg = Debug|Any CPU
		{27C49228-4692-43AD-9447-D0540C52EDD9}.Debug|Any CPU.Build.0 = Debug|Any CPU
		{27C49228-4692-43AD-9447-D0540C52EDD9}.Release|Any CPU.ActiveCfg = Release|Any CPU
		{27C49228-4692-43AD-9447-D0540C52EDD9}.Release|Any CPU.Build.0 = Release|Any CPU
		{19D1AE35-543C-408B-B9A0-31D5C9BBAF99}.Debug|Any CPU.ActiveCfg = Debug|Any CPU
		{19D1AE35-543C-408B-B9A0-31D5C9BBAF99}.Debug|Any CPU.Build.0 = Debug|Any CPU
		{19D1AE35-543C-408B-B9A0-31D5C9BBAF99}.Release|Any CPU.ActiveCfg = Release|Any CPU
		{19D1AE35-543C-408B-B9A0-31D5C9BBAF99}.Release|Any CPU.Build.0 = Release|Any CPU
	EndGlobalSection
	GlobalSection(SolutionProperties) = preSolution
		HideSolutionNode = FALSE
	EndGlobalSection
	GlobalSection(ExtensibilityGlobals) = postSolution
		SolutionGuid = {0F59686A-EF3B-47DD-84D5-5D9884DED0DC}
	EndGlobalSection
EndGlobal
